
Microsoft Visual Studio Solution File, Format Version 12.00
# Visual Studio Version 16
VisualStudioVersion = 16.0.31321.278
MinimumVisualStudioVersion = 10.0.40219.1
Project("{FAE04EC0-301F-11D3-BF4B-00C04F79EFBC}") = "WebApp", "WebApp\WebApp.csproj", "{6E033EB3-5F46-475E-9EB1-FC60873B1685}"
EndProject
Project("{FAE04EC0-301F-11D3-BF4B-00C04F79EFBC}") = "BD", "BD\BD.csproj", "{FFB80E8E-0383-410A-B16D-C07A99ED10B5}"
EndProject
Project("{FAE04EC0-301F-11D3-BF4B-00C04F79EFBC}") = "Entity", "Entity\Entity.csproj", "{D13625FB-762E-4C3A-842E-9CEE4F8F0F25}"
EndProject
Project("{FAE04EC0-301F-11D3-BF4B-00C04F79EFBC}") = "WBL", "WBL\WBL.csproj", "{3A071477-79E0-4B28-BCAD-1BC1D46D5A09}"
EndProject
Global
	GlobalSection(SolutionConfigurationPlatforms) = preSolution
		Debug|Any CPU = Debug|Any CPU
		Release|Any CPU = Release|Any CPU
	EndGlobalSection
	GlobalSection(ProjectConfigurationPlatforms) = postSolution
		{6E033EB3-5F46-475E-9EB1-FC60873B1685}.Debug|Any CPU.ActiveCfg = Debug|Any CPU
		{6E033EB3-5F46-475E-9EB1-FC60873B1685}.Debug|Any CPU.Build.0 = Debug|Any CPU
		{6E033EB3-5F46-475E-9EB1-FC60873B1685}.Release|Any CPU.ActiveCfg = Release|Any CPU
		{6E033EB3-5F46-475E-9EB1-FC60873B1685}.Release|Any CPU.Build.0 = Release|Any CPU
		{FFB80E8E-0383-410A-B16D-C07A99ED10B5}.Debug|Any CPU.ActiveCfg = Debug|Any CPU
		{FFB80E8E-0383-410A-B16D-C07A99ED10B5}.Debug|Any CPU.Build.0 = Debug|Any CPU
		{FFB80E8E-0383-410A-B16D-C07A99ED10B5}.Release|Any CPU.ActiveCfg = Release|Any CPU
		{FFB80E8E-0383-410A-B16D-C07A99ED10B5}.Release|Any CPU.Build.0 = Release|Any CPU
		{D13625FB-762E-4C3A-842E-9CEE4F8F0F25}.Debug|Any CPU.ActiveCfg = Debug|Any CPU
		{D13625FB-762E-4C3A-842E-9CEE4F8F0F25}.Debug|Any CPU.Build.0 = Debug|Any CPU
		{D13625FB-762E-4C3A-842E-9CEE4F8F0F25}.Release|Any CPU.ActiveCfg = Release|Any CPU
		{D13625FB-762E-4C3A-842E-9CEE4F8F0F25}.Release|Any CPU.Build.0 = Release|Any CPU
		{3A071477-79E0-4B28-BCAD-1BC1D46D5A09}.Debug|Any CPU.ActiveCfg = Debug|Any CPU
		{3A071477-79E0-4B28-BCAD-1BC1D46D5A09}.Debug|Any CPU.Build.0 = Debug|Any CPU
		{3A071477-79E0-4B28-BCAD-1BC1D46D5A09}.Release|Any CPU.ActiveCfg = Release|Any CPU
		{3A071477-79E0-4B28-BCAD-1BC1D46D5A09}.Release|Any CPU.Build.0 = Release|Any CPU
	EndGlobalSection
	GlobalSection(SolutionProperties) = preSolution
		HideSolutionNode = FALSE
	EndGlobalSection
	GlobalSection(ExtensibilityGlobals) = postSolution
		SolutionGuid = {1EAB158B-226B-4CC1-9791-F37C2DD7919A}
	EndGlobalSection
EndGlobal
